{
  "nodes": {
    "flake-utils": {
      "inputs": {
        "systems": "systems"
      },
      "locked": {
        "lastModified": 1694529238,
        "narHash": "sha256-zsNZZGTGnMOf9YpHKJqMSsa0dXbfmxeoJ7xHlrt+xmY=",
        "owner": "numtide",
        "repo": "flake-utils",
        "rev": "ff7b65b44d01cf9ba6a71320833626af21126384",
        "type": "github"
      },
      "original": {
        "owner": "numtide",
        "repo": "flake-utils",
        "type": "github"
      }
    },
    "pyproject-nix": {
      "flake": false,
      "locked": {
        "lastModified": 1698460532,
        "narHash": "sha256-Z6HVeVvbl2PzaBQSLEdy3WTvB8aiogP0X6/Q7hz+Ock=",
        "owner": "nix-community",
        "repo": "pyproject.nix",
        "rev": "4504c857e0200ee737edce7f3f4a3330b2658e7d",
        "type": "github"
      },
      "original": {
        "owner": "nix-community",
        "repo": "pyproject.nix",
        "type": "github"
      }
    },
    "python-nixpkgs": {
      "locked": {
        "lastModified": 1696325386,
        "narHash": "sha256-ogs73SJAIePd7bljq1i1vKEOPn23Xe8aumMJKZjV45c=",
        "owner": "NixOS",
        "repo": "nixpkgs",
        "rev": "e2b8feae8470705c3f331901ae057da3095cea10",
        "type": "github"
      },
      "original": {
        "owner": "NixOS",
        "repo": "nixpkgs",
        "rev": "e2b8feae8470705c3f331901ae057da3095cea10",
        "type": "github"
      }
    },
    "root": {
      "inputs": {
        "flake-utils": "flake-utils",
        "pyproject-nix": "pyproject-nix",
        "python-nixpkgs": "python-nixpkgs"
      }
    },
    "systems": {
      "locked": {
        "lastModified": 1681028828,
        "narHash": "sha256-Vy1rq5AaRuLzOxct8nz4T6wlgyUR7zLU309k9mBC768=",
        "owner": "nix-systems",
        "repo": "default",
        "rev": "da67096a3b9bf56a91d16901293e51ba5b49a27e",
        "type": "github"
      },
      "original": {
        "owner": "nix-systems",
        "repo": "default",
        "type": "github"
      }
    }
  },
  "root": "root",
  "version": 7
}
