# This file was autogenerated by uv via the following command:
#    uv pip compile dev_requirements.txt -o requirements.dev.lock
astroid==2.13.5
    # via pylint
coverage==7.6.10
    # via -r dev_requirements.txt
dill==0.3.9
    # via pylint
isort==5.13.2
    # via
    #   -r dev_requirements.txt
    #   pylint
lazy-object-proxy==1.10.0
    # via astroid
mccabe==0.7.0
    # via pylint
platformdirs==4.3.6
    # via
    #   pylint
    #   yapf
pyflakes==3.2.0
    # via -r dev_requirements.txt
pylint==2.15.2
    # via -r dev_requirements.txt
tomlkit==0.13.2
    # via pylint
wrapt==1.17.2
    # via astroid
yapf==0.43.0
    # via -r dev_requirements.txt
